
Microsoft Visual Studio Solution File, Format Version 12.00
# Visual Studio Version 17
VisualStudioVersion = 17.3.32811.315
MinimumVisualStudioVersion = 10.0.40219.1
Project("{FAE04EC0-301F-11D3-BF4B-00C04F79EFBC}") = "TCS", "TCS\TCS.csproj", "{7BAF4BBC-9A69-477F-B588-DE1936E7A5D6}"
EndProject
Global
	GlobalSection(SolutionConfigurationPlatforms) = preSolution
		Debug|Any CPU = Debug|Any CPU
		Release|Any CPU = Release|Any CPU
	EndGlobalSection
	GlobalSection(ProjectConfigurationPlatforms) = postSolution
		{7BAF4BBC-9A69-477F-B588-DE1936E7A5D6}.Debug|Any CPU.ActiveCfg = Debug|Any CPU
		{7BAF4BBC-9A69-477F-B588-DE1936E7A5D6}.Debug|Any CPU.Build.0 = Debug|Any CPU
		{7BAF4BBC-9A69-477F-B588-DE1936E7A5D6}.Release|Any CPU.ActiveCfg = Release|Any CPU
		{7BAF4BBC-9A69-477F-B588-DE1936E7A5D6}.Release|Any CPU.Build.0 = Release|Any CPU
	EndGlobalSection
	GlobalSection(SolutionProperties) = preSolution
		HideSolutionNode = FALSE
	EndGlobalSection
	GlobalSection(ExtensibilityGlobals) = postSolution
		SolutionGuid = {9CF3D14C-B968-471A-A61D-30490AA238A1}
	EndGlobalSection
EndGlobal
